{
  "originHash" : "1dd9efa886e13fa0f366a0ddf3781d393456a313f2ff3488de85e06cc80e5d63",
  "pins" : [
    {
      "identity" : "anisettekit",
      "kind" : "remoteSourceControl",
      "location" : "https://github.com/mahee96/AnisetteKit.git",
      "state" : {
        "branch" : "main",
        "revision" : "2cc982d9425237b8f702d28e4272e5a31105ad58"
      }
    },
    {
      "identity" : "codesignkit",
      "kind" : "remoteSourceControl",
      "location" : "https://github.com/mahee96/CodeSignKit.git",
      "state" : {
        "branch" : "main",
        "revision" : "15f95c1f13e3b48727c17b3b4e23e4d06917abb8"
      }
    },
    {
      "identity" : "gsacryptokit",
      "kind" : "remoteSourceControl",
      "location" : "https://github.com/mahee96/GSACryptoKit.git",
      "state" : {
        "branch" : "main",
        "revision" : "e7dd1055d684a62456de8c382e14743f06e6ecba"
      }
    },
    {
      "identity" : "minizip-ng",
      "kind" : "remoteSourceControl",
      "location" : "https://github.com/SideStore/minizip-ng",
      "state" : {
        "branch" : "develop",
        "revision" : "12a8ab8ccac4a36d4a45340921c7de5f18b0efab"
      }
    },
    {
      "identity" : "swift-asn1",
      "kind" : "remoteSourceControl",
      "location" : "https://github.com/apple/swift-asn1.git",
      "state" : {
        "revision" : "9f542610331815e29cc3821d3b6f488db8715517",
        "version" : "1.6.0"
      }
    },
    {
      "identity" : "swift-crypto",
      "kind" : "remoteSourceControl",
      "location" : "https://github.com/apple/swift-crypto.git",
      "state" : {
        "revision" : "bb4ba815dab96d4edc1e0b86d7b9acf9ff973a84",
        "version" : "4.3.1"
      }
    }
  ],
  "version" : 3
}
